
Microsoft Visual Studio Solution File, Format Version 12.00
# Visual Studio 15
VisualStudioVersion = 15.0.28307.1082
MinimumVisualStudioVersion = 10.0.40219.1
Project("{FAE04EC0-301F-11D3-BF4B-00C04F79EFBC}") = "KolekcjeZadanie", "KolekcjeZadanie\KolekcjeZadanie.csproj", "{882767BE-76F8-4CC7-ABC4-D5AF0419B286}"
EndProject
Project("{FAE04EC0-301F-11D3-BF4B-00C04F79EFBC}") = "PersonsClass", "PersonsClass\PersonsClass.csproj", "{18727B7C-79DF-420C-BED4-77F8B843B853}"
EndProject
Global
	GlobalSection(SolutionConfigurationPlatforms) = preSolution
		Debug|Any CPU = Debug|Any CPU
		Release|Any CPU = Release|Any CPU
	EndGlobalSection
	GlobalSection(ProjectConfigurationPlatforms) = postSolution
		{882767BE-76F8-4CC7-ABC4-D5AF0419B286}.Debug|Any CPU.ActiveCfg = Debug|Any CPU
		{882767BE-76F8-4CC7-ABC4-D5AF0419B286}.Debug|Any CPU.Build.0 = Debug|Any CPU
		{882767BE-76F8-4CC7-ABC4-D5AF0419B286}.Release|Any CPU.ActiveCfg = Release|Any CPU
		{882767BE-76F8-4CC7-ABC4-D5AF0419B286}.Release|Any CPU.Build.0 = Release|Any CPU
		{18727B7C-79DF-420C-BED4-77F8B843B853}.Debug|Any CPU.ActiveCfg = Debug|Any CPU
		{18727B7C-79DF-420C-BED4-77F8B843B853}.Debug|Any CPU.Build.0 = Debug|Any CPU
		{18727B7C-79DF-420C-BED4-77F8B843B853}.Release|Any CPU.ActiveCfg = Release|Any CPU
		{18727B7C-79DF-420C-BED4-77F8B843B853}.Release|Any CPU.Build.0 = Release|Any CPU
	EndGlobalSection
	GlobalSection(SolutionProperties) = preSolution
		HideSolutionNode = FALSE
	EndGlobalSection
	GlobalSection(ExtensibilityGlobals) = postSolution
		SolutionGuid = {158876BB-0477-4155-BC12-405FEF1CA8BC}
	EndGlobalSection
EndGlobal
